
Microsoft Visual Studio Solution File, Format Version 12.00
Project("{FAE04EC0-301F-11D3-BF4B-00C04F79EFBC}") = "CowSpaceEngineers", "CowSpaceEngineers\CowSpaceEngineers.csproj", "{77A00C1C-8E9E-4A1C-BA42-433BF9A57040}"
EndProject
Project("{FAE04EC0-301F-11D3-BF4B-00C04F79EFBC}") = "CowSpaceEngineersTests", "CowSpaceEngineersTests\CowSpaceEngineersTests.csproj", "{94F47284-BA76-4250-BA9D-565EED394F45}"
EndProject
Global
	GlobalSection(SolutionConfigurationPlatforms) = preSolution
		Debug|Any CPU = Debug|Any CPU
		Release|Any CPU = Release|Any CPU
	EndGlobalSection
	GlobalSection(ProjectConfigurationPlatforms) = postSolution
		{77A00C1C-8E9E-4A1C-BA42-433BF9A57040}.Debug|Any CPU.ActiveCfg = Debug|Any CPU
		{77A00C1C-8E9E-4A1C-BA42-433BF9A57040}.Debug|Any CPU.Build.0 = Debug|Any CPU
		{77A00C1C-8E9E-4A1C-BA42-433BF9A57040}.Release|Any CPU.ActiveCfg = Release|Any CPU
		{77A00C1C-8E9E-4A1C-BA42-433BF9A57040}.Release|Any CPU.Build.0 = Release|Any CPU
		{94F47284-BA76-4250-BA9D-565EED394F45}.Debug|Any CPU.ActiveCfg = Debug|Any CPU
		{94F47284-BA76-4250-BA9D-565EED394F45}.Debug|Any CPU.Build.0 = Debug|Any CPU
		{94F47284-BA76-4250-BA9D-565EED394F45}.Release|Any CPU.ActiveCfg = Release|Any CPU
		{94F47284-BA76-4250-BA9D-565EED394F45}.Release|Any CPU.Build.0 = Release|Any CPU
	EndGlobalSection
EndGlobal
